
Microsoft Visual Studio Solution File, Format Version 12.00
# Visual Studio 15
VisualStudioVersion = 15.0.27130.2024
MinimumVisualStudioVersion = 10.0.40219.1
Project("{FAE04EC0-301F-11D3-BF4B-00C04F79EFBC}") = "Student Grades ARRAY PROG 2", "Student Grades ARRAY PROG 2\Student Grades ARRAY PROG 2.csproj", "{8F92B698-2099-45AD-9ADB-2CD59DEB0874}"
EndProject
Global
	GlobalSection(SolutionConfigurationPlatforms) = preSolution
		Debug|Any CPU = Debug|Any CPU
		Release|Any CPU = Release|Any CPU
	EndGlobalSection
	GlobalSection(ProjectConfigurationPlatforms) = postSolution
		{8F92B698-2099-45AD-9ADB-2CD59DEB0874}.Debug|Any CPU.ActiveCfg = Debug|Any CPU
		{8F92B698-2099-45AD-9ADB-2CD59DEB0874}.Debug|Any CPU.Build.0 = Debug|Any CPU
		{8F92B698-2099-45AD-9ADB-2CD59DEB0874}.Release|Any CPU.ActiveCfg = Release|Any CPU
		{8F92B698-2099-45AD-9ADB-2CD59DEB0874}.Release|Any CPU.Build.0 = Release|Any CPU
	EndGlobalSection
	GlobalSection(SolutionProperties) = preSolution
		HideSolutionNode = FALSE
	EndGlobalSection
	GlobalSection(ExtensibilityGlobals) = postSolution
		SolutionGuid = {1148E7D0-85C2-452D-87B0-FDFD8C650860}
	EndGlobalSection
EndGlobal
